
Microsoft Visual Studio Solution File, Format Version 12.00
# Visual Studio Version 16
VisualStudioVersion = 16.0.29613.14
MinimumVisualStudioVersion = 10.0.40219.1
Project("{888888A0-9F3D-457C-B088-3A5042F75D52}") = "Fucking About", "Fucking About\Fucking About.pyproj", "{AA971C2C-F61D-4CF6-8713-C74C6F16D613}"
EndProject
Global
	GlobalSection(SolutionConfigurationPlatforms) = preSolution
		Debug|Any CPU = Debug|Any CPU
		Release|Any CPU = Release|Any CPU
	EndGlobalSection
	GlobalSection(ProjectConfigurationPlatforms) = postSolution
		{AA971C2C-F61D-4CF6-8713-C74C6F16D613}.Debug|Any CPU.ActiveCfg = Debug|Any CPU
		{AA971C2C-F61D-4CF6-8713-C74C6F16D613}.Release|Any CPU.ActiveCfg = Release|Any CPU
	EndGlobalSection
	GlobalSection(SolutionProperties) = preSolution
		HideSolutionNode = FALSE
	EndGlobalSection
	GlobalSection(ExtensibilityGlobals) = postSolution
		SolutionGuid = {75447A1E-3115-45DD-AAB5-138E0DD38D50}
	EndGlobalSection
EndGlobal
